// !$*UTF8*$!
{
	archiveVersion = 1;
	classes = {
	};
	objectVersion = 51;
	objects = {

/* Begin PBXBuildFile section */
		CD5F3BD33B9732DFFFD947E7 /* Pods_MortgageCalculator.framework in Frameworks */ = {isa = PBXBuildFile; fileRef = 337546E6D4FD1DF434F0489D /* Pods_MortgageCalculator.framework */; };
		D99A6CE82359718200CF546A /* MortgageCalculatorController.m in Sources */ = {isa = PBXBuildFile; fileRef = D99A6CE72359718200CF546A /* MortgageCalculatorController.m */; };
		D99A6CEB2359719100CF546A /* CalculatorResultController.m in Sources */ = {isa = PBXBuildFile; fileRef = D99A6CEA2359719100CF546A /* CalculatorResultController.m */; };
		D99A6CEE2359726400CF546A /* MortgageCalculatorView.m in Sources */ = {isa = PBXBuildFile; fileRef = D99A6CEC2359726400CF546A /* MortgageCalculatorView.m */; };
		D99A6CF1235972A200CF546A /* MortgageCalculatorTCell.m in Sources */ = {isa = PBXBuildFile; fileRef = D99A6CF0235972A200CF546A /* MortgageCalculatorTCell.m */; };
		D99A6CF42359743600CF546A /* MortgageCalculator.m in Sources */ = {isa = PBXBuildFile; fileRef = D99A6CF32359743600CF546A /* MortgageCalculator.m */; };
		D99A6CF72359862B00CF546A /* ToolObj.m in Sources */ = {isa = PBXBuildFile; fileRef = D99A6CF62359862B00CF546A /* ToolObj.m */; };
		D99A6CFA235987FB00CF546A /* CalculateResultModel.m in Sources */ = {isa = PBXBuildFile; fileRef = D99A6CF9235987FB00CF546A /* CalculateResultModel.m */; };
		D99A6CFD2359A7D300CF546A /* HouseLoanCalcuResultHeaderView.m in Sources */ = {isa = PBXBuildFile; fileRef = D99A6CFC2359A7D300CF546A /* HouseLoanCalcuResultHeaderView.m */; };
		D99A6D002359A7DA00CF546A /* HouseLoanCalResultTableViewCell.m in Sources */ = {isa = PBXBuildFile; fileRef = D99A6CFF2359A7DA00CF546A /* HouseLoanCalResultTableViewCell.m */; };
		D9F8714523596C8C008B24E5 /* AppDelegate.m in Sources */ = {isa = PBXBuildFile; fileRef = D9F8714423596C8C008B24E5 /* AppDelegate.m */; };
		D9F8714823596C8C008B24E5 /* SceneDelegate.m in Sources */ = {isa = PBXBuildFile; fileRef = D9F8714723596C8C008B24E5 /* SceneDelegate.m */; };
		D9F8714B23596C8C008B24E5 /* ViewController.m in Sources */ = {isa = PBXBuildFile; fileRef = D9F8714A23596C8C008B24E5 /* ViewController.m */; };
		D9F8714E23596C8C008B24E5 /* Main.storyboard in Resources */ = {isa = PBXBuildFile; fileRef = D9F8714C23596C8C008B24E5 /* Main.storyboard */; };
		D9F8715023596C8D008B24E5 /* Assets.xcassets in Resources */ = {isa = PBXBuildFile; fileRef = D9F8714F23596C8D008B24E5 /* Assets.xcassets */; };
		D9F8715323596C8D008B24E5 /* LaunchScreen.storyboard in Resources */ = {isa = PBXBuildFile; fileRef = D9F8715123596C8D008B24E5 /* LaunchScreen.storyboard */; };
		D9F8715623596C8D008B24E5 /* main.m in Sources */ = {isa = PBXBuildFile; fileRef = D9F8715523596C8D008B24E5 /* main.m */; };
/* End PBXBuildFile section */

/* Begin PBXFileReference section */
		0EE219283051A007F6ECEB4F /* Pods-MortgageCalculator.debug.xcconfig */ = {isa = PBXFileReference; includeInIndex = 1; lastKnownFileType = text.xcconfig; name = "Pods-MortgageCalculator.debug.xcconfig"; path = "Target Support Files/Pods-MortgageCalculator/Pods-MortgageCalculator.debug.xcconfig"; sourceTree = "<group>"; };
		31771EEF2445034D7C0C90ED /* Pods-MortgageCalculator.release.xcconfig */ = {isa = PBXFileReference; includeInIndex = 1; lastKnownFileType = text.xcconfig; name = "Pods-MortgageCalculator.release.xcconfig"; path = "Target Support Files/Pods-MortgageCalculator/Pods-MortgageCalculator.release.xcconfig"; sourceTree = "<group>"; };
		337546E6D4FD1DF434F0489D /* Pods_MortgageCalculator.framework */ = {isa = PBXFileReference; explicitFileType = wrapper.framework; includeInIndex = 0; path = Pods_MortgageCalculator.framework; sourceTree = BUILT_PRODUCTS_DIR; };
		D99A6CE62359718200CF546A /* MortgageCalculatorController.h */ = {isa = PBXFileReference; lastKnownFileType = sourcecode.c.h; path = MortgageCalculatorController.h; sourceTree = "<group>"; };
		D99A6CE72359718200CF546A /* MortgageCalculatorController.m */ = {isa = PBXFileReference; lastKnownFileType = sourcecode.c.objc; path = MortgageCalculatorController.m; sourceTree = "<group>"; };
		D99A6CE92359719100CF546A /* CalculatorResultController.h */ = {isa = PBXFileReference; lastKnownFileType = sourcecode.c.h; path = CalculatorResultController.h; sourceTree = "<group>"; };
		D99A6CEA2359719100CF546A /* CalculatorResultController.m */ = {isa = PBXFileReference; lastKnownFileType = sourcecode.c.objc; path = CalculatorResultController.m; sourceTree = "<group>"; };
		D99A6CEC2359726400CF546A /* MortgageCalculatorView.m */ = {isa = PBXFileReference; fileEncoding = 4; lastKnownFileType = sourcecode.c.objc; path = MortgageCalculatorView.m; sourceTree = "<group>"; };
		D99A6CED2359726400CF546A /* MortgageCalculatorView.h */ = {isa = PBXFileReference; fileEncoding = 4; lastKnownFileType = sourcecode.c.h; path = MortgageCalculatorView.h; sourceTree = "<group>"; };
		D99A6CEF235972A200CF546A /* MortgageCalculatorTCell.h */ = {isa = PBXFileReference; fileEncoding = 4; lastKnownFileType = sourcecode.c.h; path = MortgageCalculatorTCell.h; sourceTree = "<group>"; };
		D99A6CF0235972A200CF546A /* MortgageCalculatorTCell.m */ = {isa = PBXFileReference; fileEncoding = 4; lastKnownFileType = sourcecode.c.objc; path = MortgageCalculatorTCell.m; sourceTree = "<group>"; };
		D99A6CF22359743500CF546A /* MortgageCalculator.h */ = {isa = PBXFileReference; fileEncoding = 4; lastKnownFileType = sourcecode.c.h; path = MortgageCalculator.h; sourceTree = "<group>"; };
		D99A6CF32359743600CF546A /* MortgageCalculator.m */ = {isa = PBXFileReference; fileEncoding = 4; lastKnownFileType = sourcecode.c.objc; path = MortgageCalculator.m; sourceTree = "<group>"; };
		D99A6CF52359862B00CF546A /* ToolObj.h */ = {isa = PBXFileReference; lastKnownFileType = sourcecode.c.h; path = ToolObj.h; sourceTree = "<group>"; };
		D99A6CF62359862B00CF546A /* ToolObj.m */ = {isa = PBXFileReference; lastKnownFileType = sourcecode.c.objc; path = ToolObj.m; sourceTree = "<group>"; };
		D99A6CF8235987FB00CF546A /* CalculateResultModel.h */ = {isa = PBXFileReference; lastKnownFileType = sourcecode.c.h; path = CalculateResultModel.h; sourceTree = "<group>"; };
		D99A6CF9235987FB00CF546A /* CalculateResultModel.m */ = {isa = PBXFileReference; lastKnownFileType = sourcecode.c.objc; path = CalculateResultModel.m; sourceTree = "<group>"; };
		D99A6CFB2359A7D300CF546A /* HouseLoanCalcuResultHeaderView.h */ = {isa = PBXFileReference; fileEncoding = 4; lastKnownFileType = sourcecode.c.h; path = HouseLoanCalcuResultHeaderView.h; sourceTree = "<group>"; };
		D99A6CFC2359A7D300CF546A /* HouseLoanCalcuResultHeaderView.m */ = {isa = PBXFileReference; fileEncoding = 4; lastKnownFileType = sourcecode.c.objc; path = HouseLoanCalcuResultHeaderView.m; sourceTree = "<group>"; };
		D99A6CFE2359A7DA00CF546A /* HouseLoanCalResultTableViewCell.h */ = {isa = PBXFileReference; fileEncoding = 4; lastKnownFileType = sourcecode.c.h; path = HouseLoanCalResultTableViewCell.h; sourceTree = "<group>"; };
		D99A6CFF2359A7DA00CF546A /* HouseLoanCalResultTableViewCell.m */ = {isa = PBXFileReference; fileEncoding = 4; lastKnownFileType = sourcecode.c.objc; path = HouseLoanCalResultTableViewCell.m; sourceTree = "<group>"; };
		D9F8714023596C8C008B24E5 /* MortgageCalculator.app */ = {isa = PBXFileReference; explicitFileType = wrapper.application; includeInIndex = 0; path = MortgageCalculator.app; sourceTree = BUILT_PRODUCTS_DIR; };
		D9F8714323596C8C008B24E5 /* AppDelegate.h */ = {isa = PBXFileReference; lastKnownFileType = sourcecode.c.h; path = AppDelegate.h; sourceTree = "<group>"; };
		D9F8714423596C8C008B24E5 /* AppDelegate.m */ = {isa = PBXFileReference; lastKnownFileType = sourcecode.c.objc; path = AppDelegate.m; sourceTree = "<group>"; };
		D9F8714623596C8C008B24E5 /* SceneDelegate.h */ = {isa = PBXFileReference; lastKnownFileType = sourcecode.c.h; path = SceneDelegate.h; sourceTree = "<group>"; };
		D9F8714723596C8C008B24E5 /* SceneDelegate.m */ = {isa = PBXFileReference; lastKnownFileType = sourcecode.c.objc; path = SceneDelegate.m; sourceTree = "<group>"; };
		D9F8714923596C8C008B24E5 /* ViewController.h */ = {isa = PBXFileReference; lastKnownFileType = sourcecode.c.h; path = ViewController.h; sourceTree = "<group>"; };
		D9F8714A23596C8C008B24E5 /* ViewController.m */ = {isa = PBXFileReference; lastKnownFileType = sourcecode.c.objc; path = ViewController.m; sourceTree = "<group>"; };
		D9F8714D23596C8C008B24E5 /* Base */ = {isa = PBXFileReference; lastKnownFileType = file.storyboard; name = Base; path = Base.lproj/Main.storyboard; sourceTree = "<group>"; };
		D9F8714F23596C8D008B24E5 /* Assets.xcassets */ = {isa = PBXFileReference; lastKnownFileType = folder.assetcatalog; path = Assets.xcassets; sourceTree = "<group>"; };
		D9F8715223596C8D008B24E5 /* Base */ = {isa = PBXFileReference; lastKnownFileType = file.storyboard; name = Base; path = Base.lproj/LaunchScreen.storyboard; sourceTree = "<group>"; };
		D9F8715423596C8D008B24E5 /* Info.plist */ = {isa = PBXFileReference; lastKnownFileType = text.plist.xml; path = Info.plist; sourceTree = "<group>"; };
		D9F8715523596C8D008B24E5 /* main.m */ = {isa = PBXFileReference; lastKnownFileType = sourcecode.c.objc; path = main.m; sourceTree = "<group>"; };
		D9F8716223596DFE008B24E5 /* PrefixHeader.pch */ = {isa = PBXFileReference; lastKnownFileType = sourcecode.c.h; path = PrefixHeader.pch; sourceTree = "<group>"; };
/* End PBXFileReference section */

/* Begin PBXFrameworksBuildPhase section */
		D9F8713D23596C8C008B24E5 /* Frameworks */ = {
			isa = PBXFrameworksBuildPhase;
			buildActionMask = 2147483647;
			files = (
				CD5F3BD33B9732DFFFD947E7 /* Pods_MortgageCalculator.framework in Frameworks */,
			);
			runOnlyForDeploymentPostprocessing = 0;
		};
/* End PBXFrameworksBuildPhase section */

/* Begin PBXGroup section */
		7F586ED177C6DFDCC12AF44F /* Pods */ = {
			isa = PBXGroup;
			children = (
				0EE219283051A007F6ECEB4F /* Pods-MortgageCalculator.debug.xcconfig */,
				31771EEF2445034D7C0C90ED /* Pods-MortgageCalculator.release.xcconfig */,
			);
			path = Pods;
			sourceTree = "<group>";
		};
		8B82DAB7159F7A9C64EA802D /* Frameworks */ = {
			isa = PBXGroup;
			children = (
				337546E6D4FD1DF434F0489D /* Pods_MortgageCalculator.framework */,
			);
			name = Frameworks;
			sourceTree = "<group>";
		};
		D99A6D012359A7F600CF546A /* CalculateResultView */ = {
			isa = PBXGroup;
			children = (
				D99A6CFB2359A7D300CF546A /* HouseLoanCalcuResultHeaderView.h */,
				D99A6CFC2359A7D300CF546A /* HouseLoanCalcuResultHeaderView.m */,
				D99A6CFE2359A7DA00CF546A /* HouseLoanCalResultTableViewCell.h */,
				D99A6CFF2359A7DA00CF546A /* HouseLoanCalResultTableViewCell.m */,
			);
			path = CalculateResultView;
			sourceTree = "<group>";
		};
		D9F8713723596C8C008B24E5 = {
			isa = PBXGroup;
			children = (
				D9F8714223596C8C008B24E5 /* MortgageCalculator */,
				D9F8714123596C8C008B24E5 /* Products */,
				7F586ED177C6DFDCC12AF44F /* Pods */,
				8B82DAB7159F7A9C64EA802D /* Frameworks */,
			);
			sourceTree = "<group>";
		};
		D9F8714123596C8C008B24E5 /* Products */ = {
			isa = PBXGroup;
			children = (
				D9F8714023596C8C008B24E5 /* MortgageCalculator.app */,
			);
			name = Products;
			sourceTree = "<group>";
		};
		D9F8714223596C8C008B24E5 /* MortgageCalculator */ = {
			isa = PBXGroup;
			children = (
				D9F8715D23596DD0008B24E5 /* Header */,
				D9F8715C23596DD0008B24E5 /* AppDelegate */,
				D9F8715E23596DD0008B24E5 /* Class */,
				D9F8714F23596C8D008B24E5 /* Assets.xcassets */,
			);
			path = MortgageCalculator;
			sourceTree = "<group>";
		};
		D9F8715C23596DD0008B24E5 /* AppDelegate */ = {
			isa = PBXGroup;
			children = (
				D9F8714323596C8C008B24E5 /* AppDelegate.h */,
				D9F8714423596C8C008B24E5 /* AppDelegate.m */,
				D9F8714623596C8C008B24E5 /* SceneDelegate.h */,
				D9F8714723596C8C008B24E5 /* SceneDelegate.m */,
				D9F8714C23596C8C008B24E5 /* Main.storyboard */,
				D9F8715123596C8D008B24E5 /* LaunchScreen.storyboard */,
				D9F8715423596C8D008B24E5 /* Info.plist */,
				D9F8715523596C8D008B24E5 /* main.m */,
			);
			path = AppDelegate;
			sourceTree = "<group>";
		};
		D9F8715D23596DD0008B24E5 /* Header */ = {
			isa = PBXGroup;
			children = (
				D9F8716223596DFE008B24E5 /* PrefixHeader.pch */,
				D99A6CF52359862B00CF546A /* ToolObj.h */,
				D99A6CF62359862B00CF546A /* ToolObj.m */,
			);
			path = Header;
			sourceTree = "<group>";
		};
		D9F8715E23596DD0008B24E5 /* Class */ = {
			isa = PBXGroup;
			children = (
				D9F8715F23596DD0008B24E5 /* Controller */,
				D9F8716023596DD0008B24E5 /* Model */,
				D9F8716123596DD0008B24E5 /* View */,
			);
			path = Class;
			sourceTree = "<group>";
		};
		D9F8715F23596DD0008B24E5 /* Controller */ = {
			isa = PBXGroup;
			children = (
				D9F8714923596C8C008B24E5 /* ViewController.h */,
				D9F8714A23596C8C008B24E5 /* ViewController.m */,
				D99A6CE62359718200CF546A /* MortgageCalculatorController.h */,
				D99A6CE72359718200CF546A /* MortgageCalculatorController.m */,
				D99A6CE92359719100CF546A /* CalculatorResultController.h */,
				D99A6CEA2359719100CF546A /* CalculatorResultController.m */,
			);
			path = Controller;
			sourceTree = "<group>";
		};
		D9F8716023596DD0008B24E5 /* Model */ = {
			isa = PBXGroup;
			children = (
				D99A6CF22359743500CF546A /* MortgageCalculator.h */,
				D99A6CF32359743600CF546A /* MortgageCalculator.m */,
				D99A6CF8235987FB00CF546A /* CalculateResultModel.h */,
				D99A6CF9235987FB00CF546A /* CalculateResultModel.m */,
			);
			path = Model;
			sourceTree = "<group>";
		};
		D9F8716123596DD0008B24E5 /* View */ = {
			isa = PBXGroup;
			children = (
				D99A6D012359A7F600CF546A /* CalculateResultView */,
				D99A6CED2359726400CF546A /* MortgageCalculatorView.h */,
				D99A6CEC2359726400CF546A /* MortgageCalculatorView.m */,
				D99A6CEF235972A200CF546A /* MortgageCalculatorTCell.h */,
				D99A6CF0235972A200CF546A /* MortgageCalculatorTCell.m */,
			);
			path = View;
			sourceTree = "<group>";
		};
/* End PBXGroup section */

/* Begin PBXNativeTarget section */
		D9F8713F23596C8C008B24E5 /* MortgageCalculator */ = {
			isa = PBXNativeTarget;
			buildConfigurationList = D9F8715923596C8D008B24E5 /* Build configuration list for PBXNativeTarget "MortgageCalculator" */;
			buildPhases = (
				1CFB6D8F332A4F9D02E45F0B /* [CP] Check Pods Manifest.lock */,
				D9F8713C23596C8C008B24E5 /* Sources */,
				D9F8713D23596C8C008B24E5 /* Frameworks */,
				D9F8713E23596C8C008B24E5 /* Resources */,
				FD35FC9F3DE766A72B1D9E57 /* [CP] Embed Pods Frameworks */,
			);
			buildRules = (
			);
			dependencies = (
			);
			name = MortgageCalculator;
			productName = MortgageCalculator;
			productReference = D9F8714023596C8C008B24E5 /* MortgageCalculator.app */;
			productType = "com.apple.product-type.application";
		};
/* End PBXNativeTarget section */

/* Begin PBXProject section */
		D9F8713823596C8C008B24E5 /* Project object */ = {
			isa = PBXProject;
			attributes = {
				LastUpgradeCheck = 1100;
				ORGANIZATIONNAME = YYongJie;
				TargetAttributes = {
					D9F8713F23596C8C008B24E5 = {
						CreatedOnToolsVersion = 11.0;
					};
				};
			};
			buildConfigurationList = D9F8713B23596C8C008B24E5 /* Build configuration list for PBXProject "MortgageCalculator" */;
			compatibilityVersion = "Xcode 9.3";
			developmentRegion = en;
			hasScannedForEncodings = 0;
			knownRegions = (
				en,
				Base,
			);
			mainGroup = D9F8713723596C8C008B24E5;
			productRefGroup = D9F8714123596C8C008B24E5 /* Products */;
			projectDirPath = "";
			projectRoot = "";
			targets = (
				D9F8713F23596C8C008B24E5 /* MortgageCalculator */,
			);
		};
/* End PBXProject section */

/* Begin PBXResourcesBuildPhase section */
		D9F8713E23596C8C008B24E5 /* Resources */ = {
			isa = PBXResourcesBuildPhase;
			buildActionMask = 2147483647;
			files = (
				D9F8715323596C8D008B24E5 /* LaunchScreen.storyboard in Resources */,
				D9F8715023596C8D008B24E5 /* Assets.xcassets in Resources */,
				D9F8714E23596C8C008B24E5 /* Main.storyboard in Resources */,
			);
			runOnlyForDeploymentPostprocessing = 0;
		};
/* End PBXResourcesBuildPhase section */

/* Begin PBXShellScriptBuildPhase section */
		1CFB6D8F332A4F9D02E45F0B /* [CP] Check Pods Manifest.lock */ = {
			isa = PBXShellScriptBuildPhase;
			buildActionMask = 2147483647;
			files = (
			);
			inputFileListPaths = (
			);
			inputPaths = (
				"${PODS_PODFILE_DIR_PATH}/Podfile.lock",
				"${PODS_ROOT}/Manifest.lock",
			);
			name = "[CP] Check Pods Manifest.lock";
			outputFileListPaths = (
			);
			outputPaths = (
				"$(DERIVED_FILE_DIR)/Pods-MortgageCalculator-checkManifestLockResult.txt",
			);
			runOnlyForDeploymentPostprocessing = 0;
			shellPath = /bin/sh;
			shellScript = "diff \"${PODS_PODFILE_DIR_PATH}/Podfile.lock\" \"${PODS_ROOT}/Manifest.lock\" > /dev/null\nif [ $? != 0 ] ; then\n    # print error to STDERR\n    echo \"error: The sandbox is not in sync with the Podfile.lock. Run 'pod install' or update your CocoaPods installation.\" >&2\n    exit 1\nfi\n# This output is used by Xcode 'outputs' to avoid re-running this script phase.\necho \"SUCCESS\" > \"${SCRIPT_OUTPUT_FILE_0}\"\n";
			showEnvVarsInLog = 0;
		};
		FD35FC9F3DE766A72B1D9E57 /* [CP] Embed Pods Frameworks */ = {
			isa = PBXShellScriptBuildPhase;
			buildActionMask = 2147483647;
			files = (
			);
			inputFileListPaths = (
				"${PODS_ROOT}/Target Support Files/Pods-MortgageCalculator/Pods-MortgageCalculator-frameworks-${CONFIGURATION}-input-files.xcfilelist",
			);
			name = "[CP] Embed Pods Frameworks";
			outputFileListPaths = (
				"${PODS_ROOT}/Target Support Files/Pods-MortgageCalculator/Pods-MortgageCalculator-frameworks-${CONFIGURATION}-output-files.xcfilelist",
			);
			runOnlyForDeploymentPostprocessing = 0;
			shellPath = /bin/sh;
			shellScript = "\"${PODS_ROOT}/Target Support Files/Pods-MortgageCalculator/Pods-MortgageCalculator-frameworks.sh\"\n";
			showEnvVarsInLog = 0;
		};
/* End PBXShellScriptBuildPhase section */

/* Begin PBXSourcesBuildPhase section */
		D9F8713C23596C8C008B24E5 /* Sources */ = {
			isa = PBXSourcesBuildPhase;
			buildActionMask = 2147483647;
			files = (
				D99A6CFD2359A7D300CF546A /* HouseLoanCalcuResultHeaderView.m in Sources */,
				D99A6CF42359743600CF546A /* MortgageCalculator.m in Sources */,
				D99A6CEB2359719100CF546A /* CalculatorResultController.m in Sources */,
				D99A6CF1235972A200CF546A /* MortgageCalculatorTCell.m in Sources */,
				D9F8714B23596C8C008B24E5 /* ViewController.m in Sources */,
				D99A6CE82359718200CF546A /* MortgageCalculatorController.m in Sources */,
				D99A6CF72359862B00CF546A /* ToolObj.m in Sources */,
				D9F8714523596C8C008B24E5 /* AppDelegate.m in Sources */,
				D9F8715623596C8D008B24E5 /* main.m in Sources */,
				D99A6CEE2359726400CF546A /* MortgageCalculatorView.m in Sources */,
				D9F8714823596C8C008B24E5 /* SceneDelegate.m in Sources */,
				D99A6D002359A7DA00CF546A /* HouseLoanCalResultTableViewCell.m in Sources */,
				D99A6CFA235987FB00CF546A /* CalculateResultModel.m in Sources */,
			);
			runOnlyForDeploymentPostprocessing = 0;
		};
/* End PBXSourcesBuildPhase section */

/* Begin PBXVariantGroup section */
		D9F8714C23596C8C008B24E5 /* Main.storyboard */ = {
			isa = PBXVariantGroup;
			children = (
				D9F8714D23596C8C008B24E5 /* Base */,
			);
			name = Main.storyboard;
			sourceTree = "<group>";
		};
		D9F8715123596C8D008B24E5 /* LaunchScreen.storyboard */ = {
			isa = PBXVariantGroup;
			children = (
				D9F8715223596C8D008B24E5 /* Base */,
			);
			name = LaunchScreen.storyboard;
			sourceTree = "<group>";
		};
/* End PBXVariantGroup section */

/* Begin XCBuildConfiguration section */
		D9F8715723596C8D008B24E5 /* Debug */ = {
			isa = XCBuildConfiguration;
			buildSettings = {
				ALWAYS_SEARCH_USER_PATHS = NO;
				CLANG_ANALYZER_NONNULL = YES;
				CLANG_ANALYZER_NUMBER_OBJECT_CONVERSION = YES_AGGRESSIVE;
				CLANG_CXX_LANGUAGE_STANDARD = "gnu++14";
				CLANG_CXX_LIBRARY = "libc++";
				CLANG_ENABLE_MODULES = YES;
				CLANG_ENABLE_OBJC_ARC = YES;
				CLANG_ENABLE_OBJC_WEAK = YES;
				CLANG_WARN_BLOCK_CAPTURE_AUTORELEASING = YES;
				CLANG_WARN_BOOL_CONVERSION = YES;
				CLANG_WARN_COMMA = YES;
				CLANG_WARN_CONSTANT_CONVERSION = YES;
				CLANG_WARN_DEPRECATED_OBJC_IMPLEMENTATIONS = YES;
				CLANG_WARN_DIRECT_OBJC_ISA_USAGE = YES_ERROR;
				CLANG_WARN_DOCUMENTATION_COMMENTS = YES;
				CLANG_WARN_EMPTY_BODY = YES;
				CLANG_WARN_ENUM_CONVERSION = YES;
				CLANG_WARN_INFINITE_RECURSION = YES;
				CLANG_WARN_INT_CONVERSION = YES;
				CLANG_WARN_NON_LITERAL_NULL_CONVERSION = YES;
				CLANG_WARN_OBJC_IMPLICIT_RETAIN_SELF = YES;
				CLANG_WARN_OBJC_LITERAL_CONVERSION = YES;
				CLANG_WARN_OBJC_ROOT_CLASS = YES_ERROR;
				CLANG_WARN_RANGE_LOOP_ANALYSIS = YES;
				CLANG_WARN_STRICT_PROTOTYPES = YES;
				CLANG_WARN_SUSPICIOUS_MOVE = YES;
				CLANG_WARN_UNGUARDED_AVAILABILITY = YES_AGGRESSIVE;
				CLANG_WARN_UNREACHABLE_CODE = YES;
				CLANG_WARN__DUPLICATE_METHOD_MATCH = YES;
				COPY_PHASE_STRIP = NO;
				DEBUG_INFORMATION_FORMAT = dwarf;
				ENABLE_STRICT_OBJC_MSGSEND = YES;
				ENABLE_TESTABILITY = YES;
				GCC_C_LANGUAGE_STANDARD = gnu11;
				GCC_DYNAMIC_NO_PIC = NO;
				GCC_NO_COMMON_BLOCKS = YES;
				GCC_OPTIMIZATION_LEVEL = 0;
				GCC_PREPROCESSOR_DEFINITIONS = (
					"DEBUG=1",
					"$(inherited)",
				);
				GCC_WARN_64_TO_32_BIT_CONVERSION = YES;
				GCC_WARN_ABOUT_RETURN_TYPE = YES_ERROR;
				GCC_WARN_UNDECLARED_SELECTOR = YES;
				GCC_WARN_UNINITIALIZED_AUTOS = YES_AGGRESSIVE;
				GCC_WARN_UNUSED_FUNCTION = YES;
				GCC_WARN_UNUSED_VARIABLE = YES;
				IPHONEOS_DEPLOYMENT_TARGET = 9.0;
				MTL_ENABLE_DEBUG_INFO = INCLUDE_SOURCE;
				MTL_FAST_MATH = YES;
				ONLY_ACTIVE_ARCH = YES;
				SDKROOT = iphoneos;
			};
			name = Debug;
		};
		D9F8715823596C8D008B24E5 /* Release */ = {
			isa = XCBuildConfiguration;
			buildSettings = {
				ALWAYS_SEARCH_USER_PATHS = NO;
				CLANG_ANALYZER_NONNULL = YES;
				CLANG_ANALYZER_NUMBER_OBJECT_CONVERSION = YES_AGGRESSIVE;
				CLANG_CXX_LANGUAGE_STANDARD = "gnu++14";
				CLANG_CXX_LIBRARY = "libc++";
				CLANG_ENABLE_MODULES = YES;
				CLANG_ENABLE_OBJC_ARC = YES;
				CLANG_ENABLE_OBJC_WEAK = YES;
				CLANG_WARN_BLOCK_CAPTURE_AUTORELEASING = YES;
				CLANG_WARN_BOOL_CONVERSION = YES;
				CLANG_WARN_COMMA = YES;
				CLANG_WARN_CONSTANT_CONVERSION = YES;
				CLANG_WARN_DEPRECATED_OBJC_IMPLEMENTATIONS = YES;
				CLANG_WARN_DIRECT_OBJC_ISA_USAGE = YES_ERROR;
				CLANG_WARN_DOCUMENTATION_COMMENTS = YES;
				CLANG_WARN_EMPTY_BODY = YES;
				CLANG_WARN_ENUM_CONVERSION = YES;
				CLANG_WARN_INFINITE_RECURSION = YES;
				CLANG_WARN_INT_CONVERSION = YES;
				CLANG_WARN_NON_LITERAL_NULL_CONVERSION = YES;
				CLANG_WARN_OBJC_IMPLICIT_RETAIN_SELF = YES;
				CLANG_WARN_OBJC_LITERAL_CONVERSION = YES;
				CLANG_WARN_OBJC_ROOT_CLASS = YES_ERROR;
				CLANG_WARN_RANGE_LOOP_ANALYSIS = YES;
				CLANG_WARN_STRICT_PROTOTYPES = YES;
				CLANG_WARN_SUSPICIOUS_MOVE = YES;
				CLANG_WARN_UNGUARDED_AVAILABILITY = YES_AGGRESSIVE;
				CLANG_WARN_UNREACHABLE_CODE = YES;
				CLANG_WARN__DUPLICATE_METHOD_MATCH = YES;
				COPY_PHASE_STRIP = NO;
				DEBUG_INFORMATION_FORMAT = "dwarf-with-dsym";
				ENABLE_NS_ASSERTIONS = NO;
				ENABLE_STRICT_OBJC_MSGSEND = YES;
				GCC_C_LANGUAGE_STANDARD = gnu11;
				GCC_NO_COMMON_BLOCKS = YES;
				GCC_WARN_64_TO_32_BIT_CONVERSION = YES;
				GCC_WARN_ABOUT_RETURN_TYPE = YES_ERROR;
				GCC_WARN_UNDECLARED_SELECTOR = YES;
				GCC_WARN_UNINITIALIZED_AUTOS = YES_AGGRESSIVE;
				GCC_WARN_UNUSED_FUNCTION = YES;
				GCC_WARN_UNUSED_VARIABLE = YES;
				IPHONEOS_DEPLOYMENT_TARGET = 9.0;
				MTL_ENABLE_DEBUG_INFO = NO;
				MTL_FAST_MATH = YES;
				SDKROOT = iphoneos;
				VALIDATE_PRODUCT = YES;
			};
			name = Release;
		};
		D9F8715A23596C8D008B24E5 /* Debug */ = {
			isa = XCBuildConfiguration;
			baseConfigurationReference = 0EE219283051A007F6ECEB4F /* Pods-MortgageCalculator.debug.xcconfig */;
			buildSettings = {
				ASSETCATALOG_COMPILER_APPICON_NAME = AppIcon;
				CODE_SIGN_STYLE = Automatic;
				DEVELOPMENT_TEAM = WY35GL3MV8;
				GCC_PRECOMPILE_PREFIX_HEADER = YES;
				GCC_PREFIX_HEADER = "$(SRCROOT)/MortgageCalculator/Header/PrefixHeader.pch";
				INFOPLIST_FILE = MortgageCalculator/AppDelegate/Info.plist;
				LD_RUNPATH_SEARCH_PATHS = (
					"$(inherited)",
					"@executable_path/Frameworks",
				);
				PRODUCT_BUNDLE_IDENTIFIER = com.yongjie.MortgageCalculator;
				PRODUCT_NAME = "$(TARGET_NAME)";
				TARGETED_DEVICE_FAMILY = "1,2";
			};
			name = Debug;
		};
		D9F8715B23596C8D008B24E5 /* Release */ = {
			isa = XCBuildConfiguration;
			baseConfigurationReference = 31771EEF2445034D7C0C90ED /* Pods-MortgageCalculator.release.xcconfig */;
			buildSettings = {
				ASSETCATALOG_COMPILER_APPICON_NAME = AppIcon;
				CODE_SIGN_STYLE = Automatic;
				DEVELOPMENT_TEAM = WY35GL3MV8;
				GCC_PRECOMPILE_PREFIX_HEADER = YES;
				GCC_PREFIX_HEADER = "$(SRCROOT)/MortgageCalculator/Header/PrefixHeader.pch";
				INFOPLIST_FILE = MortgageCalculator/AppDelegate/Info.plist;
				LD_RUNPATH_SEARCH_PATHS = (
					"$(inherited)",
					"@executable_path/Frameworks",
				);
				PRODUCT_BUNDLE_IDENTIFIER = com.yongjie.MortgageCalculator;
				PRODUCT_NAME = "$(TARGET_NAME)";
				TARGETED_DEVICE_FAMILY = "1,2";
			};
			name = Release;
		};
/* End XCBuildConfiguration section */

/* Begin XCConfigurationList section */
		D9F8713B23596C8C008B24E5 /* Build configuration list for PBXProject "MortgageCalculator" */ = {
			isa = XCConfigurationList;
			buildConfigurations = (
				D9F8715723596C8D008B24E5 /* Debug */,
				D9F8715823596C8D008B24E5 /* Release */,
			);
			defaultConfigurationIsVisible = 0;
			defaultConfigurationName = Release;
		};
		D9F8715923596C8D008B24E5 /* Build configuration list for PBXNativeTarget "MortgageCalculator" */ = {
			isa = XCConfigurationList;
			buildConfigurations = (
				D9F8715A23596C8D008B24E5 /* Debug */,
				D9F8715B23596C8D008B24E5 /* Release */,
			);
			defaultConfigurationIsVisible = 0;
			defaultConfigurationName = Release;
		};
/* End XCConfigurationList section */
	};
	rootObject = D9F8713823596C8C008B24E5 /* Project object */;
}
